
Microsoft Visual Studio Solution File, Format Version 12.00
# Visual Studio Version 17
VisualStudioVersion = 17.3.32825.248
MinimumVisualStudioVersion = 10.0.40219.1
Project("{FAE04EC0-301F-11D3-BF4B-00C04F79EFBC}") = "SampleAPI", "SampleAPI\SampleAPI.csproj", "{58084BF9-E640-43BC-8342-DC408325274E}"
EndProject
Global
	GlobalSection(SolutionConfigurationPlatforms) = preSolution
		Debug|Any CPU = Debug|Any CPU
		Release|Any CPU = Release|Any CPU
	EndGlobalSection
	GlobalSection(ProjectConfigurationPlatforms) = postSolution
		{58084BF9-E640-43BC-8342-DC408325274E}.Debug|Any CPU.ActiveCfg = Debug|Any CPU
		{58084BF9-E640-43BC-8342-DC408325274E}.Debug|Any CPU.Build.0 = Debug|Any CPU
		{58084BF9-E640-43BC-8342-DC408325274E}.Release|Any CPU.ActiveCfg = Release|Any CPU
		{58084BF9-E640-43BC-8342-DC408325274E}.Release|Any CPU.Build.0 = Release|Any CPU
	EndGlobalSection
	GlobalSection(SolutionProperties) = preSolution
		HideSolutionNode = FALSE
	EndGlobalSection
	GlobalSection(ExtensibilityGlobals) = postSolution
		SolutionGuid = {CAF66E94-7B0B-4DAC-9BEF-C63992CDAD85}
	EndGlobalSection
EndGlobal
